
Microsoft Visual Studio Solution File, Format Version 12.00
# Visual Studio Version 16
VisualStudioVersion = 16.0.31005.135
MinimumVisualStudioVersion = 10.0.40219.1
Project("{FAE04EC0-301F-11D3-BF4B-00C04F79EFBC}") = "Deployer", "Deployer.csproj", "{EA645EF7-1B49-4F6F-B806-7841BD7251D1}"
EndProject
Project("{2150E333-8FDC-42A3-9474-1A3956D46DE8}") = "Solution Items", "Solution Items", "{3B8FB719-0EF6-4FB4-8E11-1271CB923194}"
	ProjectSection(SolutionItems) = preProject
		.editorconfig = .editorconfig
	EndProjectSection
EndProject
Global
	GlobalSection(SolutionConfigurationPlatforms) = preSolution
		Debug|Any CPU = Debug|Any CPU
		Release|Any CPU = Release|Any CPU
	EndGlobalSection
	GlobalSection(ProjectConfigurationPlatforms) = postSolution
		{EA645EF7-1B49-4F6F-B806-7841BD7251D1}.Debug|Any CPU.ActiveCfg = Debug|Any CPU
		{EA645EF7-1B49-4F6F-B806-7841BD7251D1}.Debug|Any CPU.Build.0 = Debug|Any CPU
		{EA645EF7-1B49-4F6F-B806-7841BD7251D1}.Release|Any CPU.ActiveCfg = Release|Any CPU
		{EA645EF7-1B49-4F6F-B806-7841BD7251D1}.Release|Any CPU.Build.0 = Release|Any CPU
	EndGlobalSection
	GlobalSection(SolutionProperties) = preSolution
		HideSolutionNode = FALSE
	EndGlobalSection
	GlobalSection(ExtensibilityGlobals) = postSolution
		SolutionGuid = {A70CE31F-E0D6-46E4-9BCD-D5CAA9E073EA}
	EndGlobalSection
EndGlobal
